
Microsoft Visual Studio Solution File, Format Version 12.00
# Visual Studio Version 17
VisualStudioVersion = 17.14.36221.1 d17.14
MinimumVisualStudioVersion = 10.0.40219.1
Project("{FAE04EC0-301F-11D3-BF4B-00C04F79EFBC}") = "GymManagmentPL", "GymManagmentPL\GymManagmentPL.csproj", "{33733992-78F7-4207-A713-4A70D920B0DC}"
EndProject
Project("{FAE04EC0-301F-11D3-BF4B-00C04F79EFBC}") = "GymManagmentDAL", "GymManagmentDAL\GymManagmentDAL.csproj", "{13AA12DB-49E6-4AA2-90DD-02C889AA238F}"
EndProject
Project("{FAE04EC0-301F-11D3-BF4B-00C04F79EFBC}") = "GymManagmentBLL", "GymManagmentBLL\GymManagmentBLL.csproj", "{86A9F22B-D13F-4F4F-B920-B9C719D0A6EF}"
EndProject
Global
	GlobalSection(SolutionConfigurationPlatforms) = preSolution
		Debug|Any CPU = Debug|Any CPU
		Release|Any CPU = Release|Any CPU
	EndGlobalSection
	GlobalSection(ProjectConfigurationPlatforms) = postSolution
		{33733992-78F7-4207-A713-4A70D920B0DC}.Debug|Any CPU.ActiveCfg = Debug|Any CPU
		{33733992-78F7-4207-A713-4A70D920B0DC}.Debug|Any CPU.Build.0 = Debug|Any CPU
		{33733992-78F7-4207-A713-4A70D920B0DC}.Release|Any CPU.ActiveCfg = Release|Any CPU
		{33733992-78F7-4207-A713-4A70D920B0DC}.Release|Any CPU.Build.0 = Release|Any CPU
		{13AA12DB-49E6-4AA2-90DD-02C889AA238F}.Debug|Any CPU.ActiveCfg = Debug|Any CPU
		{13AA12DB-49E6-4AA2-90DD-02C889AA238F}.Debug|Any CPU.Build.0 = Debug|Any CPU
		{13AA12DB-49E6-4AA2-90DD-02C889AA238F}.Release|Any CPU.ActiveCfg = Release|Any CPU
		{13AA12DB-49E6-4AA2-90DD-02C889AA238F}.Release|Any CPU.Build.0 = Release|Any CPU
		{86A9F22B-D13F-4F4F-B920-B9C719D0A6EF}.Debug|Any CPU.ActiveCfg = Debug|Any CPU
		{86A9F22B-D13F-4F4F-B920-B9C719D0A6EF}.Debug|Any CPU.Build.0 = Debug|Any CPU
		{86A9F22B-D13F-4F4F-B920-B9C719D0A6EF}.Release|Any CPU.ActiveCfg = Release|Any CPU
		{86A9F22B-D13F-4F4F-B920-B9C719D0A6EF}.Release|Any CPU.Build.0 = Release|Any CPU
	EndGlobalSection
	GlobalSection(SolutionProperties) = preSolution
		HideSolutionNode = FALSE
	EndGlobalSection
	GlobalSection(ExtensibilityGlobals) = postSolution
		SolutionGuid = {83F272CC-3E74-4529-9D1A-E9DAA795C012}
	EndGlobalSection
EndGlobal
